
Microsoft Visual Studio Solution File, Format Version 12.00
# Visual Studio Version 17
VisualStudioVersion = 17.14.36511.14 d17.14
MinimumVisualStudioVersion = 10.0.40219.1
Project("{FAE04EC0-301F-11D3-BF4B-00C04F79EFBC}") = "06-laberinto", "06-laberinto\06-laberinto.csproj", "{5C895FC2-B044-4C68-ABD0-3B159556B266}"
EndProject
Global
	GlobalSection(SolutionConfigurationPlatforms) = preSolution
		Debug|Any CPU = Debug|Any CPU
		Release|Any CPU = Release|Any CPU
	EndGlobalSection
	GlobalSection(ProjectConfigurationPlatforms) = postSolution
		{5C895FC2-B044-4C68-ABD0-3B159556B266}.Debug|Any CPU.ActiveCfg = Debug|Any CPU
		{5C895FC2-B044-4C68-ABD0-3B159556B266}.Debug|Any CPU.Build.0 = Debug|Any CPU
		{5C895FC2-B044-4C68-ABD0-3B159556B266}.Release|Any CPU.ActiveCfg = Release|Any CPU
		{5C895FC2-B044-4C68-ABD0-3B159556B266}.Release|Any CPU.Build.0 = Release|Any CPU
	EndGlobalSection
	GlobalSection(SolutionProperties) = preSolution
		HideSolutionNode = FALSE
	EndGlobalSection
	GlobalSection(ExtensibilityGlobals) = postSolution
		SolutionGuid = {F9F1C39D-86CC-494C-98CB-DAF6CD737034}
	EndGlobalSection
EndGlobal
